
Microsoft Visual Studio Solution File, Format Version 12.00
# Visual Studio Version 17
VisualStudioVersion = 17.2.32630.192
MinimumVisualStudioVersion = 10.0.40219.1
Project("{FAE04EC0-301F-11D3-BF4B-00C04F79EFBC}") = "MemoryGame", "UserInterface\MemoryGame.csproj", "{94EEEFFB-A349-4882-A056-6331D003F641}"
EndProject
Global
	GlobalSection(SolutionConfigurationPlatforms) = preSolution
		Debug|Any CPU = Debug|Any CPU
		Release|Any CPU = Release|Any CPU
	EndGlobalSection
	GlobalSection(ProjectConfigurationPlatforms) = postSolution
		{94EEEFFB-A349-4882-A056-6331D003F641}.Debug|Any CPU.ActiveCfg = Debug|Any CPU
		{94EEEFFB-A349-4882-A056-6331D003F641}.Debug|Any CPU.Build.0 = Debug|Any CPU
		{94EEEFFB-A349-4882-A056-6331D003F641}.Release|Any CPU.ActiveCfg = Release|Any CPU
		{94EEEFFB-A349-4882-A056-6331D003F641}.Release|Any CPU.Build.0 = Release|Any CPU
	EndGlobalSection
	GlobalSection(SolutionProperties) = preSolution
		HideSolutionNode = FALSE
	EndGlobalSection
	GlobalSection(ExtensibilityGlobals) = postSolution
		SolutionGuid = {B43C9D60-C063-482D-85E2-07B218D6B0D1}
	EndGlobalSection
EndGlobal
